
Microsoft Visual Studio Solution File, Format Version 12.00
# Visual Studio Version 17
VisualStudioVersion = 17.0.32112.339
MinimumVisualStudioVersion = 10.0.40219.1
Project("{9A19103F-16F7-4668-BE54-9A1E7A4F7556}") = "PracticalControls.Demo", "PracticalControls.Demo\PracticalControls.Demo.csproj", "{72357B9D-7FF6-4BC9-990E-4D1CFF7313EB}"
EndProject
Project("{9A19103F-16F7-4668-BE54-9A1E7A4F7556}") = "PracticalControls", "PracticalControls\PracticalControls.csproj", "{8A293BB4-D42A-43C4-A24A-7B38F1162565}"
EndProject
Project("{9A19103F-16F7-4668-BE54-9A1E7A4F7556}") = "WpfApp1", "WpfApp1\WpfApp1.csproj", "{4D8C3D6C-3B17-4722-BFEB-5AC522E9C461}"
EndProject
Project("{9A19103F-16F7-4668-BE54-9A1E7A4F7556}") = "WpfLibrary1", "WpfLibrary1\WpfLibrary1.csproj", "{3F67A24F-84FA-4111-AFB5-2A3404758F95}"
EndProject
Project("{FAE04EC0-301F-11D3-BF4B-00C04F79EFBC}") = "WpfApp_Net452", "WpfApp_Net452\WpfApp_Net452.csproj", "{012902FB-BCE2-4FAA-8EC1-57AAB0A47F23}"
EndProject
Global
	GlobalSection(SolutionConfigurationPlatforms) = preSolution
		Debug|Any CPU = Debug|Any CPU
		Debug|x64 = Debug|x64
		Debug|x86 = Debug|x86
		Release|Any CPU = Release|Any CPU
		Release|x64 = Release|x64
		Release|x86 = Release|x86
	EndGlobalSection
	GlobalSection(ProjectConfigurationPlatforms) = postSolution
		{72357B9D-7FF6-4BC9-990E-4D1CFF7313EB}.Debug|Any CPU.ActiveCfg = Debug|Any CPU
		{72357B9D-7FF6-4BC9-990E-4D1CFF7313EB}.Debug|Any CPU.Build.0 = Debug|Any CPU
		{72357B9D-7FF6-4BC9-990E-4D1CFF7313EB}.Debug|x64.ActiveCfg = Debug|x64
		{72357B9D-7FF6-4BC9-990E-4D1CFF7313EB}.Debug|x64.Build.0 = Debug|x64
		{72357B9D-7FF6-4BC9-990E-4D1CFF7313EB}.Debug|x86.ActiveCfg = Debug|x86
		{72357B9D-7FF6-4BC9-990E-4D1CFF7313EB}.Debug|x86.Build.0 = Debug|x86
		{72357B9D-7FF6-4BC9-990E-4D1CFF7313EB}.Release|Any CPU.ActiveCfg = Release|Any CPU
		{72357B9D-7FF6-4BC9-990E-4D1CFF7313EB}.Release|Any CPU.Build.0 = Release|Any CPU
		{72357B9D-7FF6-4BC9-990E-4D1CFF7313EB}.Release|x64.ActiveCfg = Release|x64
		{72357B9D-7FF6-4BC9-990E-4D1CFF7313EB}.Release|x64.Build.0 = Release|x64
		{72357B9D-7FF6-4BC9-990E-4D1CFF7313EB}.Release|x86.ActiveCfg = Release|x86
		{72357B9D-7FF6-4BC9-990E-4D1CFF7313EB}.Release|x86.Build.0 = Release|x86
		{8A293BB4-D42A-43C4-A24A-7B38F1162565}.Debug|Any CPU.ActiveCfg = Debug|Any CPU
		{8A293BB4-D42A-43C4-A24A-7B38F1162565}.Debug|Any CPU.Build.0 = Debug|Any CPU
		{8A293BB4-D42A-43C4-A24A-7B38F1162565}.Debug|x64.ActiveCfg = Debug|x64
		{8A293BB4-D42A-43C4-A24A-7B38F1162565}.Debug|x64.Build.0 = Debug|x64
		{8A293BB4-D42A-43C4-A24A-7B38F1162565}.Debug|x86.ActiveCfg = Debug|x86
		{8A293BB4-D42A-43C4-A24A-7B38F1162565}.Debug|x86.Build.0 = Debug|x86
		{8A293BB4-D42A-43C4-A24A-7B38F1162565}.Release|Any CPU.ActiveCfg = Release|Any CPU
		{8A293BB4-D42A-43C4-A24A-7B38F1162565}.Release|Any CPU.Build.0 = Release|Any CPU
		{8A293BB4-D42A-43C4-A24A-7B38F1162565}.Release|x64.ActiveCfg = Release|x64
		{8A293BB4-D42A-43C4-A24A-7B38F1162565}.Release|x64.Build.0 = Release|x64
		{8A293BB4-D42A-43C4-A24A-7B38F1162565}.Release|x86.ActiveCfg = Release|x86
		{8A293BB4-D42A-43C4-A24A-7B38F1162565}.Release|x86.Build.0 = Release|x86
		{4D8C3D6C-3B17-4722-BFEB-5AC522E9C461}.Debug|Any CPU.ActiveCfg = Debug|Any CPU
		{4D8C3D6C-3B17-4722-BFEB-5AC522E9C461}.Debug|Any CPU.Build.0 = Debug|Any CPU
		{4D8C3D6C-3B17-4722-BFEB-5AC522E9C461}.Debug|x64.ActiveCfg = Debug|x64
		{4D8C3D6C-3B17-4722-BFEB-5AC522E9C461}.Debug|x64.Build.0 = Debug|x64
		{4D8C3D6C-3B17-4722-BFEB-5AC522E9C461}.Debug|x86.ActiveCfg = Debug|x86
		{4D8C3D6C-3B17-4722-BFEB-5AC522E9C461}.Debug|x86.Build.0 = Debug|x86
		{4D8C3D6C-3B17-4722-BFEB-5AC522E9C461}.Release|Any CPU.ActiveCfg = Release|Any CPU
		{4D8C3D6C-3B17-4722-BFEB-5AC522E9C461}.Release|Any CPU.Build.0 = Release|Any CPU
		{4D8C3D6C-3B17-4722-BFEB-5AC522E9C461}.Release|x64.ActiveCfg = Release|x64
		{4D8C3D6C-3B17-4722-BFEB-5AC522E9C461}.Release|x64.Build.0 = Release|x64
		{4D8C3D6C-3B17-4722-BFEB-5AC522E9C461}.Release|x86.ActiveCfg = Release|x86
		{4D8C3D6C-3B17-4722-BFEB-5AC522E9C461}.Release|x86.Build.0 = Release|x86
		{3F67A24F-84FA-4111-AFB5-2A3404758F95}.Debug|Any CPU.ActiveCfg = Debug|Any CPU
		{3F67A24F-84FA-4111-AFB5-2A3404758F95}.Debug|Any CPU.Build.0 = Debug|Any CPU
		{3F67A24F-84FA-4111-AFB5-2A3404758F95}.Debug|x64.ActiveCfg = Debug|x64
		{3F67A24F-84FA-4111-AFB5-2A3404758F95}.Debug|x64.Build.0 = Debug|x64
		{3F67A24F-84FA-4111-AFB5-2A3404758F95}.Debug|x86.ActiveCfg = Debug|x86
		{3F67A24F-84FA-4111-AFB5-2A3404758F95}.Debug|x86.Build.0 = Debug|x86
		{3F67A24F-84FA-4111-AFB5-2A3404758F95}.Release|Any CPU.ActiveCfg = Release|Any CPU
		{3F67A24F-84FA-4111-AFB5-2A3404758F95}.Release|Any CPU.Build.0 = Release|Any CPU
		{3F67A24F-84FA-4111-AFB5-2A3404758F95}.Release|x64.ActiveCfg = Release|x64
		{3F67A24F-84FA-4111-AFB5-2A3404758F95}.Release|x64.Build.0 = Release|x64
		{3F67A24F-84FA-4111-AFB5-2A3404758F95}.Release|x86.ActiveCfg = Release|x86
		{3F67A24F-84FA-4111-AFB5-2A3404758F95}.Release|x86.Build.0 = Release|x86
		{012902FB-BCE2-4FAA-8EC1-57AAB0A47F23}.Debug|Any CPU.ActiveCfg = Debug|Any CPU
		{012902FB-BCE2-4FAA-8EC1-57AAB0A47F23}.Debug|Any CPU.Build.0 = Debug|Any CPU
		{012902FB-BCE2-4FAA-8EC1-57AAB0A47F23}.Debug|x64.ActiveCfg = Debug|x64
		{012902FB-BCE2-4FAA-8EC1-57AAB0A47F23}.Debug|x64.Build.0 = Debug|x64
		{012902FB-BCE2-4FAA-8EC1-57AAB0A47F23}.Debug|x86.ActiveCfg = Debug|x86
		{012902FB-BCE2-4FAA-8EC1-57AAB0A47F23}.Debug|x86.Build.0 = Debug|x86
		{012902FB-BCE2-4FAA-8EC1-57AAB0A47F23}.Release|Any CPU.ActiveCfg = Release|Any CPU
		{012902FB-BCE2-4FAA-8EC1-57AAB0A47F23}.Release|Any CPU.Build.0 = Release|Any CPU
		{012902FB-BCE2-4FAA-8EC1-57AAB0A47F23}.Release|x64.ActiveCfg = Release|x64
		{012902FB-BCE2-4FAA-8EC1-57AAB0A47F23}.Release|x64.Build.0 = Release|x64
		{012902FB-BCE2-4FAA-8EC1-57AAB0A47F23}.Release|x86.ActiveCfg = Release|x86
		{012902FB-BCE2-4FAA-8EC1-57AAB0A47F23}.Release|x86.Build.0 = Release|x86
	EndGlobalSection
	GlobalSection(SolutionProperties) = preSolution
		HideSolutionNode = FALSE
	EndGlobalSection
	GlobalSection(ExtensibilityGlobals) = postSolution
		SolutionGuid = {B53C3547-867C-44C3-B818-1EEDF0E24F18}
	EndGlobalSection
EndGlobal
